
Microsoft Visual Studio Solution File, Format Version 12.00
# Visual Studio Version 17
VisualStudioVersion = 17.7.34031.279
MinimumVisualStudioVersion = 10.0.40219.1
Project("{FAE04EC0-301F-11D3-BF4B-00C04F79EFBC}") = "aud", "aud\aud.csproj", "{59099E76-59D7-47B8-A19C-904BC9C3909B}"
EndProject
Global
	GlobalSection(SolutionConfigurationPlatforms) = preSolution
		Debug|Any CPU = Debug|Any CPU
		Release|Any CPU = Release|Any CPU
	EndGlobalSection
	GlobalSection(ProjectConfigurationPlatforms) = postSolution
		{59099E76-59D7-47B8-A19C-904BC9C3909B}.Debug|Any CPU.ActiveCfg = Debug|Any CPU
		{59099E76-59D7-47B8-A19C-904BC9C3909B}.Debug|Any CPU.Build.0 = Debug|Any CPU
		{59099E76-59D7-47B8-A19C-904BC9C3909B}.Release|Any CPU.ActiveCfg = Release|Any CPU
		{59099E76-59D7-47B8-A19C-904BC9C3909B}.Release|Any CPU.Build.0 = Release|Any CPU
	EndGlobalSection
	GlobalSection(SolutionProperties) = preSolution
		HideSolutionNode = FALSE
	EndGlobalSection
	GlobalSection(ExtensibilityGlobals) = postSolution
		SolutionGuid = {F8B6DE5B-DC3E-4850-9A82-A56AD9BA21D1}
	EndGlobalSection
EndGlobal
