
Microsoft Visual Studio Solution File, Format Version 12.00
# Visual Studio Version 17
VisualStudioVersion = 17.7.34031.279
MinimumVisualStudioVersion = 10.0.40219.1
Project("{FAE04EC0-301F-11D3-BF4B-00C04F79EFBC}") = "WideSearching", "WideSearching\WideSearching.csproj", "{7C51FB83-D33C-449E-9693-A60DB4EF58C2}"
EndProject
Global
	GlobalSection(SolutionConfigurationPlatforms) = preSolution
		Debug|Any CPU = Debug|Any CPU
		Release|Any CPU = Release|Any CPU
	EndGlobalSection
	GlobalSection(ProjectConfigurationPlatforms) = postSolution
		{7C51FB83-D33C-449E-9693-A60DB4EF58C2}.Debug|Any CPU.ActiveCfg = Debug|Any CPU
		{7C51FB83-D33C-449E-9693-A60DB4EF58C2}.Debug|Any CPU.Build.0 = Debug|Any CPU
		{7C51FB83-D33C-449E-9693-A60DB4EF58C2}.Release|Any CPU.ActiveCfg = Release|Any CPU
		{7C51FB83-D33C-449E-9693-A60DB4EF58C2}.Release|Any CPU.Build.0 = Release|Any CPU
	EndGlobalSection
	GlobalSection(SolutionProperties) = preSolution
		HideSolutionNode = FALSE
	EndGlobalSection
	GlobalSection(ExtensibilityGlobals) = postSolution
		SolutionGuid = {92CB7868-057D-4718-97FA-DCB1E04A71BC}
	EndGlobalSection
EndGlobal
