
Microsoft Visual Studio Solution File, Format Version 12.00
# Visual Studio Version 17
VisualStudioVersion = 17.7.34031.279
MinimumVisualStudioVersion = 10.0.40219.1
Project("{FAE04EC0-301F-11D3-BF4B-00C04F79EFBC}") = "fordfalk", "fordfalk.csproj", "{DD666CBF-1FB9-4678-91ED-94CDD8B0952F}"
EndProject
Global
	GlobalSection(SolutionConfigurationPlatforms) = preSolution
		Debug|Any CPU = Debug|Any CPU
		Release|Any CPU = Release|Any CPU
	EndGlobalSection
	GlobalSection(ProjectConfigurationPlatforms) = postSolution
		{DD666CBF-1FB9-4678-91ED-94CDD8B0952F}.Debug|Any CPU.ActiveCfg = Debug|Any CPU
		{DD666CBF-1FB9-4678-91ED-94CDD8B0952F}.Debug|Any CPU.Build.0 = Debug|Any CPU
		{DD666CBF-1FB9-4678-91ED-94CDD8B0952F}.Release|Any CPU.ActiveCfg = Release|Any CPU
		{DD666CBF-1FB9-4678-91ED-94CDD8B0952F}.Release|Any CPU.Build.0 = Release|Any CPU
	EndGlobalSection
	GlobalSection(SolutionProperties) = preSolution
		HideSolutionNode = FALSE
	EndGlobalSection
	GlobalSection(ExtensibilityGlobals) = postSolution
		SolutionGuid = {715542BC-9A73-482A-B477-3FB417A67745}
	EndGlobalSection
EndGlobal
